
Microsoft Visual Studio Solution File, Format Version 12.00
# Visual Studio 15
VisualStudioVersion = 15.0.28307.1340
MinimumVisualStudioVersion = 10.0.40219.1
Project("{FAE04EC0-301F-11D3-BF4B-00C04F79EFBC}") = "JSystem", "JSystem\JSystem.csproj", "{85BE006E-57F7-4B87-ACFD-55CB3921CBA4}"
EndProject
Project("{2150E333-8FDC-42A3-9474-1A3956D46DE8}") = "SDK", "SDK", "{2EE7D8C5-B83D-45DC-BC68-C7972BC3F5B0}"
EndProject
Project("{FAE04EC0-301F-11D3-BF4B-00C04F79EFBC}") = "Camera3DSDK", "SDK\Camera3DSDK\Camera3DSDK.csproj", "{EE58EBCA-06AC-44D0-B0AC-C9808490894C}"
EndProject
Project("{FAE04EC0-301F-11D3-BF4B-00C04F79EFBC}") = "Camera2DSDK", "SDK\Camera2DSDK\Camera2DSDK.csproj", "{B2A423BA-57FF-4D15-9483-FA1047618A04}"
EndProject
Project("{FAE04EC0-301F-11D3-BF4B-00C04F79EFBC}") = "MesSDK", "SDK\MesSDK\MesSDK.csproj", "{AB309EAE-56A9-43CC-861E-02D622664351}"
EndProject
Project("{FAE04EC0-301F-11D3-BF4B-00C04F79EFBC}") = "BoardSDK", "SDK\BoardSDK\BoardSDK.csproj", "{7AFB4524-59F0-4119-84EA-56D1FD009BFD}"
EndProject
Global
	GlobalSection(SolutionConfigurationPlatforms) = preSolution
		Debug|Any CPU = Debug|Any CPU
		Debug|x64 = Debug|x64
		Debug|x86 = Debug|x86
		Release|Any CPU = Release|Any CPU
		Release|x64 = Release|x64
		Release|x86 = Release|x86
	EndGlobalSection
	GlobalSection(ProjectConfigurationPlatforms) = postSolution
		{85BE006E-57F7-4B87-ACFD-55CB3921CBA4}.Debug|Any CPU.ActiveCfg = Debug|Any CPU
		{85BE006E-57F7-4B87-ACFD-55CB3921CBA4}.Debug|Any CPU.Build.0 = Debug|Any CPU
		{85BE006E-57F7-4B87-ACFD-55CB3921CBA4}.Debug|x64.ActiveCfg = Debug|Any CPU
		{85BE006E-57F7-4B87-ACFD-55CB3921CBA4}.Debug|x64.Build.0 = Debug|Any CPU
		{85BE006E-57F7-4B87-ACFD-55CB3921CBA4}.Debug|x86.ActiveCfg = Debug|Any CPU
		{85BE006E-57F7-4B87-ACFD-55CB3921CBA4}.Debug|x86.Build.0 = Debug|Any CPU
		{85BE006E-57F7-4B87-ACFD-55CB3921CBA4}.Release|Any CPU.ActiveCfg = Release|Any CPU
		{85BE006E-57F7-4B87-ACFD-55CB3921CBA4}.Release|Any CPU.Build.0 = Release|Any CPU
		{85BE006E-57F7-4B87-ACFD-55CB3921CBA4}.Release|x64.ActiveCfg = Release|Any CPU
		{85BE006E-57F7-4B87-ACFD-55CB3921CBA4}.Release|x64.Build.0 = Release|Any CPU
		{85BE006E-57F7-4B87-ACFD-55CB3921CBA4}.Release|x86.ActiveCfg = Release|Any CPU
		{85BE006E-57F7-4B87-ACFD-55CB3921CBA4}.Release|x86.Build.0 = Release|Any CPU
		{EE58EBCA-06AC-44D0-B0AC-C9808490894C}.Debug|Any CPU.ActiveCfg = Debug|Any CPU
		{EE58EBCA-06AC-44D0-B0AC-C9808490894C}.Debug|Any CPU.Build.0 = Debug|Any CPU
		{EE58EBCA-06AC-44D0-B0AC-C9808490894C}.Debug|x64.ActiveCfg = Debug|Any CPU
		{EE58EBCA-06AC-44D0-B0AC-C9808490894C}.Debug|x64.Build.0 = Debug|Any CPU
		{EE58EBCA-06AC-44D0-B0AC-C9808490894C}.Debug|x86.ActiveCfg = Debug|Any CPU
		{EE58EBCA-06AC-44D0-B0AC-C9808490894C}.Debug|x86.Build.0 = Debug|Any CPU
		{EE58EBCA-06AC-44D0-B0AC-C9808490894C}.Release|Any CPU.ActiveCfg = Release|Any CPU
		{EE58EBCA-06AC-44D0-B0AC-C9808490894C}.Release|Any CPU.Build.0 = Release|Any CPU
		{EE58EBCA-06AC-44D0-B0AC-C9808490894C}.Release|x64.ActiveCfg = Release|Any CPU
		{EE58EBCA-06AC-44D0-B0AC-C9808490894C}.Release|x64.Build.0 = Release|Any CPU
		{EE58EBCA-06AC-44D0-B0AC-C9808490894C}.Release|x86.ActiveCfg = Release|Any CPU
		{EE58EBCA-06AC-44D0-B0AC-C9808490894C}.Release|x86.Build.0 = Release|Any CPU
		{B2A423BA-57FF-4D15-9483-FA1047618A04}.Debug|Any CPU.ActiveCfg = Debug|Any CPU
		{B2A423BA-57FF-4D15-9483-FA1047618A04}.Debug|Any CPU.Build.0 = Debug|Any CPU
		{B2A423BA-57FF-4D15-9483-FA1047618A04}.Debug|x64.ActiveCfg = Debug|Any CPU
		{B2A423BA-57FF-4D15-9483-FA1047618A04}.Debug|x64.Build.0 = Debug|Any CPU
		{B2A423BA-57FF-4D15-9483-FA1047618A04}.Debug|x86.ActiveCfg = Debug|Any CPU
		{B2A423BA-57FF-4D15-9483-FA1047618A04}.Debug|x86.Build.0 = Debug|Any CPU
		{B2A423BA-57FF-4D15-9483-FA1047618A04}.Release|Any CPU.ActiveCfg = Release|Any CPU
		{B2A423BA-57FF-4D15-9483-FA1047618A04}.Release|Any CPU.Build.0 = Release|Any CPU
		{B2A423BA-57FF-4D15-9483-FA1047618A04}.Release|x64.ActiveCfg = Release|Any CPU
		{B2A423BA-57FF-4D15-9483-FA1047618A04}.Release|x64.Build.0 = Release|Any CPU
		{B2A423BA-57FF-4D15-9483-FA1047618A04}.Release|x86.ActiveCfg = Release|Any CPU
		{B2A423BA-57FF-4D15-9483-FA1047618A04}.Release|x86.Build.0 = Release|Any CPU
		{AB309EAE-56A9-43CC-861E-02D622664351}.Debug|Any CPU.ActiveCfg = Debug|Any CPU
		{AB309EAE-56A9-43CC-861E-02D622664351}.Debug|Any CPU.Build.0 = Debug|Any CPU
		{AB309EAE-56A9-43CC-861E-02D622664351}.Debug|x64.ActiveCfg = Debug|Any CPU
		{AB309EAE-56A9-43CC-861E-02D622664351}.Debug|x64.Build.0 = Debug|Any CPU
		{AB309EAE-56A9-43CC-861E-02D622664351}.Debug|x86.ActiveCfg = Debug|Any CPU
		{AB309EAE-56A9-43CC-861E-02D622664351}.Debug|x86.Build.0 = Debug|Any CPU
		{AB309EAE-56A9-43CC-861E-02D622664351}.Release|Any CPU.ActiveCfg = Release|Any CPU
		{AB309EAE-56A9-43CC-861E-02D622664351}.Release|Any CPU.Build.0 = Release|Any CPU
		{AB309EAE-56A9-43CC-861E-02D622664351}.Release|x64.ActiveCfg = Release|Any CPU
		{AB309EAE-56A9-43CC-861E-02D622664351}.Release|x64.Build.0 = Release|Any CPU
		{AB309EAE-56A9-43CC-861E-02D622664351}.Release|x86.ActiveCfg = Release|Any CPU
		{AB309EAE-56A9-43CC-861E-02D622664351}.Release|x86.Build.0 = Release|Any CPU
		{7AFB4524-59F0-4119-84EA-56D1FD009BFD}.Debug|Any CPU.ActiveCfg = Debug|Any CPU
		{7AFB4524-59F0-4119-84EA-56D1FD009BFD}.Debug|Any CPU.Build.0 = Debug|Any CPU
		{7AFB4524-59F0-4119-84EA-56D1FD009BFD}.Debug|x64.ActiveCfg = Debug|Any CPU
		{7AFB4524-59F0-4119-84EA-56D1FD009BFD}.Debug|x64.Build.0 = Debug|Any CPU
		{7AFB4524-59F0-4119-84EA-56D1FD009BFD}.Debug|x86.ActiveCfg = Debug|Any CPU
		{7AFB4524-59F0-4119-84EA-56D1FD009BFD}.Debug|x86.Build.0 = Debug|Any CPU
		{7AFB4524-59F0-4119-84EA-56D1FD009BFD}.Release|Any CPU.ActiveCfg = Release|Any CPU
		{7AFB4524-59F0-4119-84EA-56D1FD009BFD}.Release|Any CPU.Build.0 = Release|Any CPU
		{7AFB4524-59F0-4119-84EA-56D1FD009BFD}.Release|x64.ActiveCfg = Release|Any CPU
		{7AFB4524-59F0-4119-84EA-56D1FD009BFD}.Release|x64.Build.0 = Release|Any CPU
		{7AFB4524-59F0-4119-84EA-56D1FD009BFD}.Release|x86.ActiveCfg = Release|Any CPU
		{7AFB4524-59F0-4119-84EA-56D1FD009BFD}.Release|x86.Build.0 = Release|Any CPU
	EndGlobalSection
	GlobalSection(SolutionProperties) = preSolution
		HideSolutionNode = FALSE
	EndGlobalSection
	GlobalSection(NestedProjects) = preSolution
		{EE58EBCA-06AC-44D0-B0AC-C9808490894C} = {2EE7D8C5-B83D-45DC-BC68-C7972BC3F5B0}
		{B2A423BA-57FF-4D15-9483-FA1047618A04} = {2EE7D8C5-B83D-45DC-BC68-C7972BC3F5B0}
		{AB309EAE-56A9-43CC-861E-02D622664351} = {2EE7D8C5-B83D-45DC-BC68-C7972BC3F5B0}
		{7AFB4524-59F0-4119-84EA-56D1FD009BFD} = {2EE7D8C5-B83D-45DC-BC68-C7972BC3F5B0}
	EndGlobalSection
	GlobalSection(ExtensibilityGlobals) = postSolution
		SolutionGuid = {F22A195B-BAAF-40F8-BAE9-CDE0208F5E51}
	EndGlobalSection
EndGlobal
